
Microsoft Visual Studio Solution File, Format Version 12.00
# Visual Studio 14
VisualStudioVersion = 14.0.25420.1
MinimumVisualStudioVersion = 10.0.40219.1
Project("{8BC9CEB8-8B4A-11D0-8D11-00A0C91BC942}") = "VetorDeProdutos", "VetorDeProdutos\VetorDeProdutos.vcxproj", "{05C1958F-5BC8-405F-B4C0-AEE402CBFF30}"
EndProject
Project("{8BC9CEB8-8B4A-11D0-8D11-00A0C91BC942}") = "ControleDeLivros", "ControleDeLivros\ControleDeLivros.vcxproj", "{02A17482-4602-49D5-ADE6-E9BF06B839F5}"
EndProject
Project("{8BC9CEB8-8B4A-11D0-8D11-00A0C91BC942}") = "ArraysComTemplateDeFuncao", "ArraysComTemplateDeFuncao\ArraysComTemplateDeFuncao.vcxproj", "{6B0E00DC-8D89-4FD5-AE53-0A2485BC4C57}"
EndProject
Project("{8BC9CEB8-8B4A-11D0-8D11-00A0C91BC942}") = "ControleDeProduto", "ControleDeProduto\ControleDeProduto.vcxproj", "{016BEB21-97B9-4C87-9342-DD6BD44DDF94}"
EndProject
Global
	GlobalSection(SolutionConfigurationPlatforms) = preSolution
		Debug|x64 = Debug|x64
		Debug|x86 = Debug|x86
		Release|x64 = Release|x64
		Release|x86 = Release|x86
	EndGlobalSection
	GlobalSection(ProjectConfigurationPlatforms) = postSolution
		{05C1958F-5BC8-405F-B4C0-AEE402CBFF30}.Debug|x64.ActiveCfg = Debug|x64
		{05C1958F-5BC8-405F-B4C0-AEE402CBFF30}.Debug|x64.Build.0 = Debug|x64
		{05C1958F-5BC8-405F-B4C0-AEE402CBFF30}.Debug|x86.ActiveCfg = Debug|Win32
		{05C1958F-5BC8-405F-B4C0-AEE402CBFF30}.Debug|x86.Build.0 = Debug|Win32
		{05C1958F-5BC8-405F-B4C0-AEE402CBFF30}.Release|x64.ActiveCfg = Release|x64
		{05C1958F-5BC8-405F-B4C0-AEE402CBFF30}.Release|x64.Build.0 = Release|x64
		{05C1958F-5BC8-405F-B4C0-AEE402CBFF30}.Release|x86.ActiveCfg = Release|Win32
		{05C1958F-5BC8-405F-B4C0-AEE402CBFF30}.Release|x86.Build.0 = Release|Win32
		{02A17482-4602-49D5-ADE6-E9BF06B839F5}.Debug|x64.ActiveCfg = Debug|x64
		{02A17482-4602-49D5-ADE6-E9BF06B839F5}.Debug|x64.Build.0 = Debug|x64
		{02A17482-4602-49D5-ADE6-E9BF06B839F5}.Debug|x86.ActiveCfg = Debug|Win32
		{02A17482-4602-49D5-ADE6-E9BF06B839F5}.Debug|x86.Build.0 = Debug|Win32
		{02A17482-4602-49D5-ADE6-E9BF06B839F5}.Release|x64.ActiveCfg = Release|x64
		{02A17482-4602-49D5-ADE6-E9BF06B839F5}.Release|x64.Build.0 = Release|x64
		{02A17482-4602-49D5-ADE6-E9BF06B839F5}.Release|x86.ActiveCfg = Release|Win32
		{02A17482-4602-49D5-ADE6-E9BF06B839F5}.Release|x86.Build.0 = Release|Win32
		{6B0E00DC-8D89-4FD5-AE53-0A2485BC4C57}.Debug|x64.ActiveCfg = Debug|x64
		{6B0E00DC-8D89-4FD5-AE53-0A2485BC4C57}.Debug|x64.Build.0 = Debug|x64
		{6B0E00DC-8D89-4FD5-AE53-0A2485BC4C57}.Debug|x86.ActiveCfg = Debug|Win32
		{6B0E00DC-8D89-4FD5-AE53-0A2485BC4C57}.Debug|x86.Build.0 = Debug|Win32
		{6B0E00DC-8D89-4FD5-AE53-0A2485BC4C57}.Release|x64.ActiveCfg = Release|x64
		{6B0E00DC-8D89-4FD5-AE53-0A2485BC4C57}.Release|x64.Build.0 = Release|x64
		{6B0E00DC-8D89-4FD5-AE53-0A2485BC4C57}.Release|x86.ActiveCfg = Release|Win32
		{6B0E00DC-8D89-4FD5-AE53-0A2485BC4C57}.Release|x86.Build.0 = Release|Win32
		{016BEB21-97B9-4C87-9342-DD6BD44DDF94}.Debug|x64.ActiveCfg = Debug|x64
		{016BEB21-97B9-4C87-9342-DD6BD44DDF94}.Debug|x64.Build.0 = Debug|x64
		{016BEB21-97B9-4C87-9342-DD6BD44DDF94}.Debug|x86.ActiveCfg = Debug|Win32
		{016BEB21-97B9-4C87-9342-DD6BD44DDF94}.Debug|x86.Build.0 = Debug|Win32
		{016BEB21-97B9-4C87-9342-DD6BD44DDF94}.Release|x64.ActiveCfg = Release|x64
		{016BEB21-97B9-4C87-9342-DD6BD44DDF94}.Release|x64.Build.0 = Release|x64
		{016BEB21-97B9-4C87-9342-DD6BD44DDF94}.Release|x86.ActiveCfg = Release|Win32
		{016BEB21-97B9-4C87-9342-DD6BD44DDF94}.Release|x86.Build.0 = Release|Win32
	EndGlobalSection
	GlobalSection(SolutionProperties) = preSolution
		HideSolutionNode = FALSE
	EndGlobalSection
EndGlobal
